
Microsoft Visual Studio Solution File, Format Version 12.00
# Visual Studio Version 17
VisualStudioVersion = 17.13.35931.197 d17.13
MinimumVisualStudioVersion = 10.0.40219.1
Project("{8BC9CEB8-8B4A-11D0-8D11-00A0C91BC942}") = "Store", "Store.vcxproj", "{FB5EA1AF-5598-4D43-A8E4-6E268E4DDEF9}"
EndProject
Global
	GlobalSection(SolutionConfigurationPlatforms) = preSolution
		Debug|x64 = Debug|x64
		Debug|x86 = Debug|x86
		Release|x64 = Release|x64
		Release|x86 = Release|x86
	EndGlobalSection
	GlobalSection(ProjectConfigurationPlatforms) = postSolution
		{FB5EA1AF-5598-4D43-A8E4-6E268E4DDEF9}.Debug|x64.ActiveCfg = Debug|x64
		{FB5EA1AF-5598-4D43-A8E4-6E268E4DDEF9}.Debug|x64.Build.0 = Debug|x64
		{FB5EA1AF-5598-4D43-A8E4-6E268E4DDEF9}.Debug|x86.ActiveCfg = Debug|Win32
		{FB5EA1AF-5598-4D43-A8E4-6E268E4DDEF9}.Debug|x86.Build.0 = Debug|Win32
		{FB5EA1AF-5598-4D43-A8E4-6E268E4DDEF9}.Release|x64.ActiveCfg = Release|x64
		{FB5EA1AF-5598-4D43-A8E4-6E268E4DDEF9}.Release|x64.Build.0 = Release|x64
		{FB5EA1AF-5598-4D43-A8E4-6E268E4DDEF9}.Release|x86.ActiveCfg = Release|Win32
		{FB5EA1AF-5598-4D43-A8E4-6E268E4DDEF9}.Release|x86.Build.0 = Release|Win32
	EndGlobalSection
	GlobalSection(SolutionProperties) = preSolution
		HideSolutionNode = FALSE
	EndGlobalSection
	GlobalSection(ExtensibilityGlobals) = postSolution
		SolutionGuid = {466015B8-109A-480C-A18B-53C6650BFFA1}
	EndGlobalSection
EndGlobal
