
Microsoft Visual Studio Solution File, Format Version 12.00
# Visual Studio Version 17
VisualStudioVersion = 17.14.36221.1 d17.14
MinimumVisualStudioVersion = 10.0.40219.1
Project("{8BC9CEB8-8B4A-11D0-8D11-00A0C91BC942}") = "ScreenWriting", "ScreenWriting.vcxproj", "{56054A9C-BFC8-446B-8B02-F6AEC4DDCB78}"
EndProject
Global
	GlobalSection(SolutionConfigurationPlatforms) = preSolution
		Debug|x64 = Debug|x64
		Release|x64 = Release|x64
	EndGlobalSection
	GlobalSection(ProjectConfigurationPlatforms) = postSolution
		{56054A9C-BFC8-446B-8B02-F6AEC4DDCB78}.Debug|x64.ActiveCfg = Debug|x64
		{56054A9C-BFC8-446B-8B02-F6AEC4DDCB78}.Debug|x64.Build.0 = Debug|x64
		{56054A9C-BFC8-446B-8B02-F6AEC4DDCB78}.Release|x64.ActiveCfg = Release|x64
		{56054A9C-BFC8-446B-8B02-F6AEC4DDCB78}.Release|x64.Build.0 = Release|x64
	EndGlobalSection
	GlobalSection(SolutionProperties) = preSolution
		HideSolutionNode = FALSE
	EndGlobalSection
	GlobalSection(ExtensibilityGlobals) = postSolution
		SolutionGuid = {86D4605F-47F4-420E-8C66-9E6D1BF88D6C}
	EndGlobalSection
EndGlobal
